
Microsoft Visual Studio Solution File, Format Version 12.00
# Visual Studio Version 16
VisualStudioVersion = 16.0.30204.135
MinimumVisualStudioVersion = 10.0.40219.1
Project("{FAE04EC0-301F-11D3-BF4B-00C04F79EFBC}") = "原神自动弹奏器", "原神自动弹奏器.csproj", "{65ED0085-C648-4E1F-9B4B-CA5E3471E769}"
EndProject
Global
	GlobalSection(SolutionConfigurationPlatforms) = preSolution
		Debug|Any CPU = Debug|Any CPU
		Release|Any CPU = Release|Any CPU
	EndGlobalSection
	GlobalSection(ProjectConfigurationPlatforms) = postSolution
		{65ED0085-C648-4E1F-9B4B-CA5E3471E769}.Debug|Any CPU.ActiveCfg = Debug|Any CPU
		{65ED0085-C648-4E1F-9B4B-CA5E3471E769}.Debug|Any CPU.Build.0 = Debug|Any CPU
		{65ED0085-C648-4E1F-9B4B-CA5E3471E769}.Release|Any CPU.ActiveCfg = Release|Any CPU
		{65ED0085-C648-4E1F-9B4B-CA5E3471E769}.Release|Any CPU.Build.0 = Release|Any CPU
	EndGlobalSection
	GlobalSection(SolutionProperties) = preSolution
		HideSolutionNode = FALSE
	EndGlobalSection
	GlobalSection(ExtensibilityGlobals) = postSolution
		SolutionGuid = {2078561A-B02C-47A0-B755-FCA2BBA6600C}
	EndGlobalSection
EndGlobal
